
Microsoft Visual Studio Solution File, Format Version 12.00
# Visual Studio 15
VisualStudioVersion = 15.0.27428.2015
MinimumVisualStudioVersion = 10.0.40219.1
Project("{FAE04EC0-301F-11D3-BF4B-00C04F79EFBC}") = "XEngine.Web", "XEngine.Web\XEngine.Web.csproj", "{17018599-B120-4018-8237-14C8EFC43171}"
EndProject
Global
	GlobalSection(SolutionConfigurationPlatforms) = preSolution
		Debug|Any CPU = Debug|Any CPU
		Release|Any CPU = Release|Any CPU
	EndGlobalSection
	GlobalSection(ProjectConfigurationPlatforms) = postSolution
		{17018599-B120-4018-8237-14C8EFC43171}.Debug|Any CPU.ActiveCfg = Debug|Any CPU
		{17018599-B120-4018-8237-14C8EFC43171}.Debug|Any CPU.Build.0 = Debug|Any CPU
		{17018599-B120-4018-8237-14C8EFC43171}.Release|Any CPU.ActiveCfg = Release|Any CPU
		{17018599-B120-4018-8237-14C8EFC43171}.Release|Any CPU.Build.0 = Release|Any CPU
	EndGlobalSection
	GlobalSection(SolutionProperties) = preSolution
		HideSolutionNode = FALSE
	EndGlobalSection
	GlobalSection(ExtensibilityGlobals) = postSolution
		SolutionGuid = {3BFDBE67-70CD-42C5-8A05-B461E11CDF08}
	EndGlobalSection
EndGlobal
